
Microsoft Visual Studio Solution File, Format Version 12.00
# Visual Studio Version 16
VisualStudioVersion = 16.0.32002.261
MinimumVisualStudioVersion = 10.0.40219.1
Project("{FAE04EC0-301F-11D3-BF4B-00C04F79EFBC}") = "JokesWeb", "JokesWeb.csproj", "{C96B2B45-7E58-4E05-904B-C6C785D7B89F}"
EndProject
Global
	GlobalSection(SolutionConfigurationPlatforms) = preSolution
		Debug|Any CPU = Debug|Any CPU
		Release|Any CPU = Release|Any CPU
	EndGlobalSection
	GlobalSection(ProjectConfigurationPlatforms) = postSolution
		{C96B2B45-7E58-4E05-904B-C6C785D7B89F}.Debug|Any CPU.ActiveCfg = Debug|Any CPU
		{C96B2B45-7E58-4E05-904B-C6C785D7B89F}.Debug|Any CPU.Build.0 = Debug|Any CPU
		{C96B2B45-7E58-4E05-904B-C6C785D7B89F}.Release|Any CPU.ActiveCfg = Release|Any CPU
		{C96B2B45-7E58-4E05-904B-C6C785D7B89F}.Release|Any CPU.Build.0 = Release|Any CPU
	EndGlobalSection
	GlobalSection(SolutionProperties) = preSolution
		HideSolutionNode = FALSE
	EndGlobalSection
	GlobalSection(ExtensibilityGlobals) = postSolution
		SolutionGuid = {195B2059-BE9C-46E4-AC6C-AFA5C34E9E38}
	EndGlobalSection
EndGlobal
